// !$*UTF8*$!
{
	archiveVersion = 1;
	classes = {
	};
	objectVersion = 56;
	objects = {

/* Begin PBXBuildFile section */
		B2BDFEA72BF7BF8B00EEA4EF /* Arbuz_TZ_JhonnyApp.swift in Sources */ = {isa = PBXBuildFile; fileRef = B2BDFEA62BF7BF8B00EEA4EF /* Arbuz_TZ_JhonnyApp.swift */; };
		B2BDFEAB2BF7BF8D00EEA4EF /* Assets.xcassets in Resources */ = {isa = PBXBuildFile; fileRef = B2BDFEAA2BF7BF8D00EEA4EF /* Assets.xcassets */; };
		B2BDFEAE2BF7BF8D00EEA4EF /* Preview Assets.xcassets in Resources */ = {isa = PBXBuildFile; fileRef = B2BDFEAD2BF7BF8D00EEA4EF /* Preview Assets.xcassets */; };
		B2BDFEB92BF7CBB400EEA4EF /* Launch Screen.storyboard in Resources */ = {isa = PBXBuildFile; fileRef = B2BDFEB82BF7CBB400EEA4EF /* Launch Screen.storyboard */; };
		B2BDFEBB2BF7CE8D00EEA4EF /* WelComeView.swift in Sources */ = {isa = PBXBuildFile; fileRef = B2BDFEBA2BF7CE8D00EEA4EF /* WelComeView.swift */; };
		B2BDFEBE2BF7DF1A00EEA4EF /* MainTabView.swift in Sources */ = {isa = PBXBuildFile; fileRef = B2BDFEBD2BF7DF1A00EEA4EF /* MainTabView.swift */; };
		B2BDFEC12BF7DF4200EEA4EF /* HomeView.swift in Sources */ = {isa = PBXBuildFile; fileRef = B2BDFEC02BF7DF4200EEA4EF /* HomeView.swift */; };
		B2BDFEC42BF7DF6200EEA4EF /* CartView.swift in Sources */ = {isa = PBXBuildFile; fileRef = B2BDFEC32BF7DF6200EEA4EF /* CartView.swift */; };
		B2BDFEC62BF7E4FB00EEA4EF /* RoundButton.swift in Sources */ = {isa = PBXBuildFile; fileRef = B2BDFEC52BF7E4FB00EEA4EF /* RoundButton.swift */; };
		B2BDFEC82BF7E7EB00EEA4EF /* HomeViewModel.swift in Sources */ = {isa = PBXBuildFile; fileRef = B2BDFEC72BF7E7EB00EEA4EF /* HomeViewModel.swift */; };
		B2BDFECA2BF87EBC00EEA4EF /* TabButton.swift in Sources */ = {isa = PBXBuildFile; fileRef = B2BDFEC92BF87EBC00EEA4EF /* TabButton.swift */; };
		B2BDFECC2BF88AF600EEA4EF /* ProductCard.swift in Sources */ = {isa = PBXBuildFile; fileRef = B2BDFECB2BF88AF600EEA4EF /* ProductCard.swift */; };
		B2BDFECE2BF89FF800EEA4EF /* Title.swift in Sources */ = {isa = PBXBuildFile; fileRef = B2BDFECD2BF89FF800EEA4EF /* Title.swift */; };
/* End PBXBuildFile section */

/* Begin PBXFileReference section */
		B2BDFEA32BF7BF8B00EEA4EF /* Arbuz_TZ_Jhonny.app */ = {isa = PBXFileReference; explicitFileType = wrapper.application; includeInIndex = 0; path = Arbuz_TZ_Jhonny.app; sourceTree = BUILT_PRODUCTS_DIR; };
		B2BDFEA62BF7BF8B00EEA4EF /* Arbuz_TZ_JhonnyApp.swift */ = {isa = PBXFileReference; lastKnownFileType = sourcecode.swift; path = Arbuz_TZ_JhonnyApp.swift; sourceTree = "<group>"; };
		B2BDFEAA2BF7BF8D00EEA4EF /* Assets.xcassets */ = {isa = PBXFileReference; lastKnownFileType = folder.assetcatalog; path = Assets.xcassets; sourceTree = "<group>"; };
		B2BDFEAD2BF7BF8D00EEA4EF /* Preview Assets.xcassets */ = {isa = PBXFileReference; lastKnownFileType = folder.assetcatalog; path = "Preview Assets.xcassets"; sourceTree = "<group>"; };
		B2BDFEB82BF7CBB400EEA4EF /* Launch Screen.storyboard */ = {isa = PBXFileReference; lastKnownFileType = file.storyboard; path = "Launch Screen.storyboard"; sourceTree = "<group>"; };
		B2BDFEBA2BF7CE8D00EEA4EF /* WelComeView.swift */ = {isa = PBXFileReference; lastKnownFileType = sourcecode.swift; path = WelComeView.swift; sourceTree = "<group>"; };
		B2BDFEBD2BF7DF1A00EEA4EF /* MainTabView.swift */ = {isa = PBXFileReference; lastKnownFileType = sourcecode.swift; path = MainTabView.swift; sourceTree = "<group>"; };
		B2BDFEC02BF7DF4200EEA4EF /* HomeView.swift */ = {isa = PBXFileReference; lastKnownFileType = sourcecode.swift; path = HomeView.swift; sourceTree = "<group>"; };
		B2BDFEC32BF7DF6200EEA4EF /* CartView.swift */ = {isa = PBXFileReference; lastKnownFileType = sourcecode.swift; path = CartView.swift; sourceTree = "<group>"; };
		B2BDFEC52BF7E4FB00EEA4EF /* RoundButton.swift */ = {isa = PBXFileReference; lastKnownFileType = sourcecode.swift; path = RoundButton.swift; sourceTree = "<group>"; };
		B2BDFEC72BF7E7EB00EEA4EF /* HomeViewModel.swift */ = {isa = PBXFileReference; lastKnownFileType = sourcecode.swift; path = HomeViewModel.swift; sourceTree = "<group>"; };
		B2BDFEC92BF87EBC00EEA4EF /* TabButton.swift */ = {isa = PBXFileReference; lastKnownFileType = sourcecode.swift; path = TabButton.swift; sourceTree = "<group>"; };
		B2BDFECB2BF88AF600EEA4EF /* ProductCard.swift */ = {isa = PBXFileReference; lastKnownFileType = sourcecode.swift; path = ProductCard.swift; sourceTree = "<group>"; };
		B2BDFECD2BF89FF800EEA4EF /* Title.swift */ = {isa = PBXFileReference; lastKnownFileType = sourcecode.swift; path = Title.swift; sourceTree = "<group>"; };
/* End PBXFileReference section */

/* Begin PBXFrameworksBuildPhase section */
		B2BDFEA02BF7BF8B00EEA4EF /* Frameworks */ = {
			isa = PBXFrameworksBuildPhase;
			buildActionMask = 2147483647;
			files = (
			);
			runOnlyForDeploymentPostprocessing = 0;
		};
/* End PBXFrameworksBuildPhase section */

/* Begin PBXGroup section */
		B2BDFE9A2BF7BF8B00EEA4EF = {
			isa = PBXGroup;
			children = (
				B2BDFEA52BF7BF8B00EEA4EF /* Arbuz_TZ_Jhonny */,
				B2BDFEA42BF7BF8B00EEA4EF /* Products */,
			);
			sourceTree = "<group>";
		};
		B2BDFEA42BF7BF8B00EEA4EF /* Products */ = {
			isa = PBXGroup;
			children = (
				B2BDFEA32BF7BF8B00EEA4EF /* Arbuz_TZ_Jhonny.app */,
			);
			name = Products;
			sourceTree = "<group>";
		};
		B2BDFEA52BF7BF8B00EEA4EF /* Arbuz_TZ_Jhonny */ = {
			isa = PBXGroup;
			children = (
				B2BDFEB72BF7CB9900EEA4EF /* UICommon */,
				B2BDFEB62BF7CB8A00EEA4EF /* ViewModel */,
				B2BDFEB52BF7CB8200EEA4EF /* Model */,
				B2BDFEB42BF7CB5900EEA4EF /* View */,
				B2BDFEA62BF7BF8B00EEA4EF /* Arbuz_TZ_JhonnyApp.swift */,
				B2BDFEAA2BF7BF8D00EEA4EF /* Assets.xcassets */,
				B2BDFEAC2BF7BF8D00EEA4EF /* Preview Content */,
				B2BDFEB82BF7CBB400EEA4EF /* Launch Screen.storyboard */,
			);
			path = Arbuz_TZ_Jhonny;
			sourceTree = "<group>";
		};
		B2BDFEAC2BF7BF8D00EEA4EF /* Preview Content */ = {
			isa = PBXGroup;
			children = (
				B2BDFEAD2BF7BF8D00EEA4EF /* Preview Assets.xcassets */,
			);
			path = "Preview Content";
			sourceTree = "<group>";
		};
		B2BDFEB42BF7CB5900EEA4EF /* View */ = {
			isa = PBXGroup;
			children = (
				B2BDFEC22BF7DF4C00EEA4EF /* CartView */,
				B2BDFEBF2BF7DF3000EEA4EF /* HomeView */,
				B2BDFEBC2BF7DEE300EEA4EF /* MainTabView */,
				B2BDFEBA2BF7CE8D00EEA4EF /* WelComeView.swift */,
			);
			path = View;
			sourceTree = "<group>";
		};
		B2BDFEB52BF7CB8200EEA4EF /* Model */ = {
			isa = PBXGroup;
			children = (
			);
			path = Model;
			sourceTree = "<group>";
		};
		B2BDFEB62BF7CB8A00EEA4EF /* ViewModel */ = {
			isa = PBXGroup;
			children = (
				B2BDFEC72BF7E7EB00EEA4EF /* HomeViewModel.swift */,
			);
			path = ViewModel;
			sourceTree = "<group>";
		};
		B2BDFEB72BF7CB9900EEA4EF /* UICommon */ = {
			isa = PBXGroup;
			children = (
				B2BDFEC52BF7E4FB00EEA4EF /* RoundButton.swift */,
				B2BDFEC92BF87EBC00EEA4EF /* TabButton.swift */,
				B2BDFECB2BF88AF600EEA4EF /* ProductCard.swift */,
				B2BDFECD2BF89FF800EEA4EF /* Title.swift */,
			);
			path = UICommon;
			sourceTree = "<group>";
		};
		B2BDFEBC2BF7DEE300EEA4EF /* MainTabView */ = {
			isa = PBXGroup;
			children = (
				B2BDFEBD2BF7DF1A00EEA4EF /* MainTabView.swift */,
			);
			path = MainTabView;
			sourceTree = "<group>";
		};
		B2BDFEBF2BF7DF3000EEA4EF /* HomeView */ = {
			isa = PBXGroup;
			children = (
				B2BDFEC02BF7DF4200EEA4EF /* HomeView.swift */,
			);
			path = HomeView;
			sourceTree = "<group>";
		};
		B2BDFEC22BF7DF4C00EEA4EF /* CartView */ = {
			isa = PBXGroup;
			children = (
				B2BDFEC32BF7DF6200EEA4EF /* CartView.swift */,
			);
			path = CartView;
			sourceTree = "<group>";
		};
/* End PBXGroup section */

/* Begin PBXNativeTarget section */
		B2BDFEA22BF7BF8B00EEA4EF /* Arbuz_TZ_Jhonny */ = {
			isa = PBXNativeTarget;
			buildConfigurationList = B2BDFEB12BF7BF8D00EEA4EF /* Build configuration list for PBXNativeTarget "Arbuz_TZ_Jhonny" */;
			buildPhases = (
				B2BDFE9F2BF7BF8B00EEA4EF /* Sources */,
				B2BDFEA02BF7BF8B00EEA4EF /* Frameworks */,
				B2BDFEA12BF7BF8B00EEA4EF /* Resources */,
			);
			buildRules = (
			);
			dependencies = (
			);
			name = Arbuz_TZ_Jhonny;
			productName = Arbuz_TZ_Jhonny;
			productReference = B2BDFEA32BF7BF8B00EEA4EF /* Arbuz_TZ_Jhonny.app */;
			productType = "com.apple.product-type.application";
		};
/* End PBXNativeTarget section */

/* Begin PBXProject section */
		B2BDFE9B2BF7BF8B00EEA4EF /* Project object */ = {
			isa = PBXProject;
			attributes = {
				BuildIndependentTargetsInParallel = 1;
				LastSwiftUpdateCheck = 1420;
				LastUpgradeCheck = 1420;
				TargetAttributes = {
					B2BDFEA22BF7BF8B00EEA4EF = {
						CreatedOnToolsVersion = 14.2;
					};
				};
			};
			buildConfigurationList = B2BDFE9E2BF7BF8B00EEA4EF /* Build configuration list for PBXProject "Arbuz_TZ_Jhonny" */;
			compatibilityVersion = "Xcode 14.0";
			developmentRegion = en;
			hasScannedForEncodings = 0;
			knownRegions = (
				en,
				Base,
			);
			mainGroup = B2BDFE9A2BF7BF8B00EEA4EF;
			productRefGroup = B2BDFEA42BF7BF8B00EEA4EF /* Products */;
			projectDirPath = "";
			projectRoot = "";
			targets = (
				B2BDFEA22BF7BF8B00EEA4EF /* Arbuz_TZ_Jhonny */,
			);
		};
/* End PBXProject section */

/* Begin PBXResourcesBuildPhase section */
		B2BDFEA12BF7BF8B00EEA4EF /* Resources */ = {
			isa = PBXResourcesBuildPhase;
			buildActionMask = 2147483647;
			files = (
				B2BDFEB92BF7CBB400EEA4EF /* Launch Screen.storyboard in Resources */,
				B2BDFEAE2BF7BF8D00EEA4EF /* Preview Assets.xcassets in Resources */,
				B2BDFEAB2BF7BF8D00EEA4EF /* Assets.xcassets in Resources */,
			);
			runOnlyForDeploymentPostprocessing = 0;
		};
/* End PBXResourcesBuildPhase section */

/* Begin PBXSourcesBuildPhase section */
		B2BDFE9F2BF7BF8B00EEA4EF /* Sources */ = {
			isa = PBXSourcesBuildPhase;
			buildActionMask = 2147483647;
			files = (
				B2BDFECE2BF89FF800EEA4EF /* Title.swift in Sources */,
				B2BDFEC62BF7E4FB00EEA4EF /* RoundButton.swift in Sources */,
				B2BDFEC42BF7DF6200EEA4EF /* CartView.swift in Sources */,
				B2BDFEC82BF7E7EB00EEA4EF /* HomeViewModel.swift in Sources */,
				B2BDFEA72BF7BF8B00EEA4EF /* Arbuz_TZ_JhonnyApp.swift in Sources */,
				B2BDFEC12BF7DF4200EEA4EF /* HomeView.swift in Sources */,
				B2BDFECC2BF88AF600EEA4EF /* ProductCard.swift in Sources */,
				B2BDFECA2BF87EBC00EEA4EF /* TabButton.swift in Sources */,
				B2BDFEBB2BF7CE8D00EEA4EF /* WelComeView.swift in Sources */,
				B2BDFEBE2BF7DF1A00EEA4EF /* MainTabView.swift in Sources */,
			);
			runOnlyForDeploymentPostprocessing = 0;
		};
/* End PBXSourcesBuildPhase section */

/* Begin XCBuildConfiguration section */
		B2BDFEAF2BF7BF8D00EEA4EF /* Debug */ = {
			isa = XCBuildConfiguration;
			buildSettings = {
				ALWAYS_SEARCH_USER_PATHS = NO;
				CLANG_ANALYZER_NONNULL = YES;
				CLANG_ANALYZER_NUMBER_OBJECT_CONVERSION = YES_AGGRESSIVE;
				CLANG_CXX_LANGUAGE_STANDARD = "gnu++20";
				CLANG_ENABLE_MODULES = YES;
				CLANG_ENABLE_OBJC_ARC = YES;
				CLANG_ENABLE_OBJC_WEAK = YES;
				CLANG_WARN_BLOCK_CAPTURE_AUTORELEASING = YES;
				CLANG_WARN_BOOL_CONVERSION = YES;
				CLANG_WARN_COMMA = YES;
				CLANG_WARN_CONSTANT_CONVERSION = YES;
				CLANG_WARN_DEPRECATED_OBJC_IMPLEMENTATIONS = YES;
				CLANG_WARN_DIRECT_OBJC_ISA_USAGE = YES_ERROR;
				CLANG_WARN_DOCUMENTATION_COMMENTS = YES;
				CLANG_WARN_EMPTY_BODY = YES;
				CLANG_WARN_ENUM_CONVERSION = YES;
				CLANG_WARN_INFINITE_RECURSION = YES;
				CLANG_WARN_INT_CONVERSION = YES;
				CLANG_WARN_NON_LITERAL_NULL_CONVERSION = YES;
				CLANG_WARN_OBJC_IMPLICIT_RETAIN_SELF = YES;
				CLANG_WARN_OBJC_LITERAL_CONVERSION = YES;
				CLANG_WARN_OBJC_ROOT_CLASS = YES_ERROR;
				CLANG_WARN_QUOTED_INCLUDE_IN_FRAMEWORK_HEADER = YES;
				CLANG_WARN_RANGE_LOOP_ANALYSIS = YES;
				CLANG_WARN_STRICT_PROTOTYPES = YES;
				CLANG_WARN_SUSPICIOUS_MOVE = YES;
				CLANG_WARN_UNGUARDED_AVAILABILITY = YES_AGGRESSIVE;
				CLANG_WARN_UNREACHABLE_CODE = YES;
				CLANG_WARN__DUPLICATE_METHOD_MATCH = YES;
				COPY_PHASE_STRIP = NO;
				DEBUG_INFORMATION_FORMAT = dwarf;
				ENABLE_STRICT_OBJC_MSGSEND = YES;
				ENABLE_TESTABILITY = YES;
				GCC_C_LANGUAGE_STANDARD = gnu11;
				GCC_DYNAMIC_NO_PIC = NO;
				GCC_NO_COMMON_BLOCKS = YES;
				GCC_OPTIMIZATION_LEVEL = 0;
				GCC_PREPROCESSOR_DEFINITIONS = (
					"DEBUG=1",
					"$(inherited)",
				);
				GCC_WARN_64_TO_32_BIT_CONVERSION = YES;
				GCC_WARN_ABOUT_RETURN_TYPE = YES_ERROR;
				GCC_WARN_UNDECLARED_SELECTOR = YES;
				GCC_WARN_UNINITIALIZED_AUTOS = YES_AGGRESSIVE;
				GCC_WARN_UNUSED_FUNCTION = YES;
				GCC_WARN_UNUSED_VARIABLE = YES;
				IPHONEOS_DEPLOYMENT_TARGET = 16.2;
				MTL_ENABLE_DEBUG_INFO = INCLUDE_SOURCE;
				MTL_FAST_MATH = YES;
				ONLY_ACTIVE_ARCH = YES;
				SDKROOT = iphoneos;
				SWIFT_ACTIVE_COMPILATION_CONDITIONS = DEBUG;
				SWIFT_OPTIMIZATION_LEVEL = "-Onone";
			};
			name = Debug;
		};
		B2BDFEB02BF7BF8D00EEA4EF /* Release */ = {
			isa = XCBuildConfiguration;
			buildSettings = {
				ALWAYS_SEARCH_USER_PATHS = NO;
				CLANG_ANALYZER_NONNULL = YES;
				CLANG_ANALYZER_NUMBER_OBJECT_CONVERSION = YES_AGGRESSIVE;
				CLANG_CXX_LANGUAGE_STANDARD = "gnu++20";
				CLANG_ENABLE_MODULES = YES;
				CLANG_ENABLE_OBJC_ARC = YES;
				CLANG_ENABLE_OBJC_WEAK = YES;
				CLANG_WARN_BLOCK_CAPTURE_AUTORELEASING = YES;
				CLANG_WARN_BOOL_CONVERSION = YES;
				CLANG_WARN_COMMA = YES;
				CLANG_WARN_CONSTANT_CONVERSION = YES;
				CLANG_WARN_DEPRECATED_OBJC_IMPLEMENTATIONS = YES;
				CLANG_WARN_DIRECT_OBJC_ISA_USAGE = YES_ERROR;
				CLANG_WARN_DOCUMENTATION_COMMENTS = YES;
				CLANG_WARN_EMPTY_BODY = YES;
				CLANG_WARN_ENUM_CONVERSION = YES;
				CLANG_WARN_INFINITE_RECURSION = YES;
				CLANG_WARN_INT_CONVERSION = YES;
				CLANG_WARN_NON_LITERAL_NULL_CONVERSION = YES;
				CLANG_WARN_OBJC_IMPLICIT_RETAIN_SELF = YES;
				CLANG_WARN_OBJC_LITERAL_CONVERSION = YES;
				CLANG_WARN_OBJC_ROOT_CLASS = YES_ERROR;
				CLANG_WARN_QUOTED_INCLUDE_IN_FRAMEWORK_HEADER = YES;
				CLANG_WARN_RANGE_LOOP_ANALYSIS = YES;
				CLANG_WARN_STRICT_PROTOTYPES = YES;
				CLANG_WARN_SUSPICIOUS_MOVE = YES;
				CLANG_WARN_UNGUARDED_AVAILABILITY = YES_AGGRESSIVE;
				CLANG_WARN_UNREACHABLE_CODE = YES;
				CLANG_WARN__DUPLICATE_METHOD_MATCH = YES;
				COPY_PHASE_STRIP = NO;
				DEBUG_INFORMATION_FORMAT = "dwarf-with-dsym";
				ENABLE_NS_ASSERTIONS = NO;
				ENABLE_STRICT_OBJC_MSGSEND = YES;
				GCC_C_LANGUAGE_STANDARD = gnu11;
				GCC_NO_COMMON_BLOCKS = YES;
				GCC_WARN_64_TO_32_BIT_CONVERSION = YES;
				GCC_WARN_ABOUT_RETURN_TYPE = YES_ERROR;
				GCC_WARN_UNDECLARED_SELECTOR = YES;
				GCC_WARN_UNINITIALIZED_AUTOS = YES_AGGRESSIVE;
				GCC_WARN_UNUSED_FUNCTION = YES;
				GCC_WARN_UNUSED_VARIABLE = YES;
				IPHONEOS_DEPLOYMENT_TARGET = 16.2;
				MTL_ENABLE_DEBUG_INFO = NO;
				MTL_FAST_MATH = YES;
				SDKROOT = iphoneos;
				SWIFT_COMPILATION_MODE = wholemodule;
				SWIFT_OPTIMIZATION_LEVEL = "-O";
				VALIDATE_PRODUCT = YES;
			};
			name = Release;
		};
		B2BDFEB22BF7BF8D00EEA4EF /* Debug */ = {
			isa = XCBuildConfiguration;
			buildSettings = {
				ASSETCATALOG_COMPILER_APPICON_NAME = AppIcon;
				ASSETCATALOG_COMPILER_GLOBAL_ACCENT_COLOR_NAME = AccentColor;
				CODE_SIGN_STYLE = Automatic;
				CURRENT_PROJECT_VERSION = 1;
				DEVELOPMENT_ASSET_PATHS = "\"Arbuz_TZ_Jhonny/Preview Content\"";
				DEVELOPMENT_TEAM = 6Q47TH6VLS;
				ENABLE_PREVIEWS = YES;
				GENERATE_INFOPLIST_FILE = YES;
				INFOPLIST_KEY_UIApplicationSceneManifest_Generation = YES;
				INFOPLIST_KEY_UIApplicationSupportsIndirectInputEvents = YES;
				INFOPLIST_KEY_UILaunchScreen_Generation = YES;
				INFOPLIST_KEY_UILaunchStoryboardName = "Launch Screen.storyboard";
				INFOPLIST_KEY_UIStatusBarHidden = YES;
				INFOPLIST_KEY_UISupportedInterfaceOrientations = UIInterfaceOrientationPortrait;
				INFOPLIST_KEY_UISupportedInterfaceOrientations_iPad = "UIInterfaceOrientationLandscapeLeft UIInterfaceOrientationLandscapeRight UIInterfaceOrientationPortrait UIInterfaceOrientationPortraitUpsideDown";
				IPHONEOS_DEPLOYMENT_TARGET = 14.0;
				LD_RUNPATH_SEARCH_PATHS = (
					"$(inherited)",
					"@executable_path/Frameworks",
				);
				MARKETING_VERSION = 1.0;
				PRODUCT_BUNDLE_IDENTIFIER = "me.Asylbek.Zhanibek.Arbuz-TZ-Jhonny";
				PRODUCT_NAME = "$(TARGET_NAME)";
				SUPPORTED_PLATFORMS = "iphoneos iphonesimulator";
				SUPPORTS_MACCATALYST = NO;
				SUPPORTS_MAC_DESIGNED_FOR_IPHONE_IPAD = NO;
				SWIFT_EMIT_LOC_STRINGS = YES;
				SWIFT_VERSION = 5.0;
				TARGETED_DEVICE_FAMILY = 1;
			};
			name = Debug;
		};
		B2BDFEB32BF7BF8D00EEA4EF /* Release */ = {
			isa = XCBuildConfiguration;
			buildSettings = {
				ASSETCATALOG_COMPILER_APPICON_NAME = AppIcon;
				ASSETCATALOG_COMPILER_GLOBAL_ACCENT_COLOR_NAME = AccentColor;
				CODE_SIGN_STYLE = Automatic;
				CURRENT_PROJECT_VERSION = 1;
				DEVELOPMENT_ASSET_PATHS = "\"Arbuz_TZ_Jhonny/Preview Content\"";
				DEVELOPMENT_TEAM = 6Q47TH6VLS;
				ENABLE_PREVIEWS = YES;
				GENERATE_INFOPLIST_FILE = YES;
				INFOPLIST_KEY_UIApplicationSceneManifest_Generation = YES;
				INFOPLIST_KEY_UIApplicationSupportsIndirectInputEvents = YES;
				INFOPLIST_KEY_UILaunchScreen_Generation = YES;
				INFOPLIST_KEY_UILaunchStoryboardName = "Launch Screen.storyboard";
				INFOPLIST_KEY_UIStatusBarHidden = YES;
				INFOPLIST_KEY_UISupportedInterfaceOrientations = UIInterfaceOrientationPortrait;
				INFOPLIST_KEY_UISupportedInterfaceOrientations_iPad = "UIInterfaceOrientationLandscapeLeft UIInterfaceOrientationLandscapeRight UIInterfaceOrientationPortrait UIInterfaceOrientationPortraitUpsideDown";
				IPHONEOS_DEPLOYMENT_TARGET = 14.0;
				LD_RUNPATH_SEARCH_PATHS = (
					"$(inherited)",
					"@executable_path/Frameworks",
				);
				MARKETING_VERSION = 1.0;
				PRODUCT_BUNDLE_IDENTIFIER = "me.Asylbek.Zhanibek.Arbuz-TZ-Jhonny";
				PRODUCT_NAME = "$(TARGET_NAME)";
				SUPPORTED_PLATFORMS = "iphoneos iphonesimulator";
				SUPPORTS_MACCATALYST = NO;
				SUPPORTS_MAC_DESIGNED_FOR_IPHONE_IPAD = NO;
				SWIFT_EMIT_LOC_STRINGS = YES;
				SWIFT_VERSION = 5.0;
				TARGETED_DEVICE_FAMILY = 1;
			};
			name = Release;
		};
/* End XCBuildConfiguration section */

/* Begin XCConfigurationList section */
		B2BDFE9E2BF7BF8B00EEA4EF /* Build configuration list for PBXProject "Arbuz_TZ_Jhonny" */ = {
			isa = XCConfigurationList;
			buildConfigurations = (
				B2BDFEAF2BF7BF8D00EEA4EF /* Debug */,
				B2BDFEB02BF7BF8D00EEA4EF /* Release */,
			);
			defaultConfigurationIsVisible = 0;
			defaultConfigurationName = Release;
		};
		B2BDFEB12BF7BF8D00EEA4EF /* Build configuration list for PBXNativeTarget "Arbuz_TZ_Jhonny" */ = {
			isa = XCConfigurationList;
			buildConfigurations = (
				B2BDFEB22BF7BF8D00EEA4EF /* Debug */,
				B2BDFEB32BF7BF8D00EEA4EF /* Release */,
			);
			defaultConfigurationIsVisible = 0;
			defaultConfigurationName = Release;
		};
/* End XCConfigurationList section */
	};
	rootObject = B2BDFE9B2BF7BF8B00EEA4EF /* Project object */;
}
